
Microsoft Visual Studio Solution File, Format Version 12.00
# Visual Studio Version 17
VisualStudioVersion = 17.2.32616.157
MinimumVisualStudioVersion = 10.0.40219.1
Project("{FAE04EC0-301F-11D3-BF4B-00C04F79EFBC}") = "TempratureConv", "TempratureConv\TempratureConv.csproj", "{EC0C47AB-0C10-4B29-ACF2-C07CA93991E3}"
EndProject
Global
	GlobalSection(SolutionConfigurationPlatforms) = preSolution
		Debug|Any CPU = Debug|Any CPU
		Release|Any CPU = Release|Any CPU
	EndGlobalSection
	GlobalSection(ProjectConfigurationPlatforms) = postSolution
		{EC0C47AB-0C10-4B29-ACF2-C07CA93991E3}.Debug|Any CPU.ActiveCfg = Debug|Any CPU
		{EC0C47AB-0C10-4B29-ACF2-C07CA93991E3}.Debug|Any CPU.Build.0 = Debug|Any CPU
		{EC0C47AB-0C10-4B29-ACF2-C07CA93991E3}.Release|Any CPU.ActiveCfg = Release|Any CPU
		{EC0C47AB-0C10-4B29-ACF2-C07CA93991E3}.Release|Any CPU.Build.0 = Release|Any CPU
	EndGlobalSection
	GlobalSection(SolutionProperties) = preSolution
		HideSolutionNode = FALSE
	EndGlobalSection
	GlobalSection(ExtensibilityGlobals) = postSolution
		SolutionGuid = {32A0B98B-BBE8-45BB-A451-60B503C13B7D}
	EndGlobalSection
EndGlobal
