
Microsoft Visual Studio Solution File, Format Version 12.00
# Visual Studio Version 17
VisualStudioVersion = 17.2.32616.157
MinimumVisualStudioVersion = 10.0.40219.1
Project("{FAE04EC0-301F-11D3-BF4B-00C04F79EFBC}") = "MonthlyPayment", "MonthlyPayment\MonthlyPayment.csproj", "{E08DFF04-CA15-4DAE-BEE4-E9E9997D1DBB}"
EndProject
Global
	GlobalSection(SolutionConfigurationPlatforms) = preSolution
		Debug|Any CPU = Debug|Any CPU
		Release|Any CPU = Release|Any CPU
	EndGlobalSection
	GlobalSection(ProjectConfigurationPlatforms) = postSolution
		{E08DFF04-CA15-4DAE-BEE4-E9E9997D1DBB}.Debug|Any CPU.ActiveCfg = Debug|Any CPU
		{E08DFF04-CA15-4DAE-BEE4-E9E9997D1DBB}.Debug|Any CPU.Build.0 = Debug|Any CPU
		{E08DFF04-CA15-4DAE-BEE4-E9E9997D1DBB}.Release|Any CPU.ActiveCfg = Release|Any CPU
		{E08DFF04-CA15-4DAE-BEE4-E9E9997D1DBB}.Release|Any CPU.Build.0 = Release|Any CPU
	EndGlobalSection
	GlobalSection(SolutionProperties) = preSolution
		HideSolutionNode = FALSE
	EndGlobalSection
	GlobalSection(ExtensibilityGlobals) = postSolution
		SolutionGuid = {C0C78993-E55B-4E1B-9D89-FC9A5AEA4CCB}
	EndGlobalSection
EndGlobal
